// !$*UTF8*$!
{
	archiveVersion = 1;
	classes = {
	};
	objectVersion = 50;
	objects = {

/* Begin PBXBuildFile section */
		8E580C0D26245F7E0015F22C /* AppDelegate.m in Sources */ = {isa = PBXBuildFile; fileRef = 8E580C0C26245F7E0015F22C /* AppDelegate.m */; };
		8E580C1026245F7E0015F22C /* SceneDelegate.m in Sources */ = {isa = PBXBuildFile; fileRef = 8E580C0F26245F7E0015F22C /* SceneDelegate.m */; };
		8E580C1326245F7E0015F22C /* ViewController.m in Sources */ = {isa = PBXBuildFile; fileRef = 8E580C1226245F7E0015F22C /* ViewController.m */; };
		8E580C1626245F7E0015F22C /* Main.storyboard in Resources */ = {isa = PBXBuildFile; fileRef = 8E580C1426245F7E0015F22C /* Main.storyboard */; };
		8E580C1826245F7F0015F22C /* Assets.xcassets in Resources */ = {isa = PBXBuildFile; fileRef = 8E580C1726245F7F0015F22C /* Assets.xcassets */; };
		8E580C1B26245F7F0015F22C /* LaunchScreen.storyboard in Resources */ = {isa = PBXBuildFile; fileRef = 8E580C1926245F7F0015F22C /* LaunchScreen.storyboard */; };
		8E580C1E26245F7F0015F22C /* main.m in Sources */ = {isa = PBXBuildFile; fileRef = 8E580C1D26245F7F0015F22C /* main.m */; };
		8EBBEF67262990DD00F60244 /* Player.m in Sources */ = {isa = PBXBuildFile; fileRef = 8EBBEF66262990DD00F60244 /* Player.m */; };
		8EBBEF6B262990F500F60244 /* Board.m in Sources */ = {isa = PBXBuildFile; fileRef = 8EBBEF6A262990F500F60244 /* Board.m */; };
		8EBBEF6F2629910700F60244 /* Game.m in Sources */ = {isa = PBXBuildFile; fileRef = 8EBBEF6E2629910700F60244 /* Game.m */; };
		8EBBEF73262D7C7E00F60244 /* ConsoleViewController.m in Sources */ = {isa = PBXBuildFile; fileRef = 8EBBEF72262D7C7E00F60244 /* ConsoleViewController.m */; };
		8EBBEF7D262D950600F60244 /* BotEasy.m in Sources */ = {isa = PBXBuildFile; fileRef = 8EBBEF7C262D950600F60244 /* BotEasy.m */; };
		8EBBEF87262EAFFB00F60244 /* Cell.m in Sources */ = {isa = PBXBuildFile; fileRef = 8EBBEF86262EAFFB00F60244 /* Cell.m */; };
		8EBBEF982632BEC000F60244 /* GameCollectionViewController.m in Sources */ = {isa = PBXBuildFile; fileRef = 8EBBEF972632BEC000F60244 /* GameCollectionViewController.m */; };
		8EBBEF9C2632CC1300F60244 /* GameCollectionViewCell.m in Sources */ = {isa = PBXBuildFile; fileRef = 8EBBEF9B2632CC1300F60244 /* GameCollectionViewCell.m */; };
		8EBBEFA0263827AC00F60244 /* GameContainerViewController.m in Sources */ = {isa = PBXBuildFile; fileRef = 8EBBEF9F263827AC00F60244 /* GameContainerViewController.m */; };
		8EBBEFA426382E8500F60244 /* UserInfoViewController.m in Sources */ = {isa = PBXBuildFile; fileRef = 8EBBEFA326382E8500F60244 /* UserInfoViewController.m */; };
		8EBBEFA8263851C600F60244 /* Move.m in Sources */ = {isa = PBXBuildFile; fileRef = 8EBBEFA7263851C600F60244 /* Move.m */; };
		8EC2316A263AAA3A008EACBE /* GameOverViewController.m in Sources */ = {isa = PBXBuildFile; fileRef = 8EC23169263AAA3A008EACBE /* GameOverViewController.m */; };
		8EC2316F264A676F008EACBE /* TicTacToeGame.m in Sources */ = {isa = PBXBuildFile; fileRef = 8EC2316E264A676F008EACBE /* TicTacToeGame.m */; };
		8EC23173264A68F4008EACBE /* TunakTunakTunGame.m in Sources */ = {isa = PBXBuildFile; fileRef = 8EC23172264A68F4008EACBE /* TunakTunakTunGame.m */; };
/* End PBXBuildFile section */

/* Begin PBXFileReference section */
		8E580C0826245F7E0015F22C /* Tic-Tac-Toe.app */ = {isa = PBXFileReference; explicitFileType = wrapper.application; includeInIndex = 0; path = "Tic-Tac-Toe.app"; sourceTree = BUILT_PRODUCTS_DIR; };
		8E580C0B26245F7E0015F22C /* AppDelegate.h */ = {isa = PBXFileReference; lastKnownFileType = sourcecode.c.h; path = AppDelegate.h; sourceTree = "<group>"; };
		8E580C0C26245F7E0015F22C /* AppDelegate.m */ = {isa = PBXFileReference; lastKnownFileType = sourcecode.c.objc; path = AppDelegate.m; sourceTree = "<group>"; };
		8E580C0E26245F7E0015F22C /* SceneDelegate.h */ = {isa = PBXFileReference; lastKnownFileType = sourcecode.c.h; path = SceneDelegate.h; sourceTree = "<group>"; };
		8E580C0F26245F7E0015F22C /* SceneDelegate.m */ = {isa = PBXFileReference; lastKnownFileType = sourcecode.c.objc; path = SceneDelegate.m; sourceTree = "<group>"; };
		8E580C1126245F7E0015F22C /* ViewController.h */ = {isa = PBXFileReference; lastKnownFileType = sourcecode.c.h; path = ViewController.h; sourceTree = "<group>"; };
		8E580C1226245F7E0015F22C /* ViewController.m */ = {isa = PBXFileReference; lastKnownFileType = sourcecode.c.objc; path = ViewController.m; sourceTree = "<group>"; };
		8E580C1526245F7E0015F22C /* Base */ = {isa = PBXFileReference; lastKnownFileType = file.storyboard; name = Base; path = Base.lproj/Main.storyboard; sourceTree = "<group>"; };
		8E580C1726245F7F0015F22C /* Assets.xcassets */ = {isa = PBXFileReference; lastKnownFileType = folder.assetcatalog; path = Assets.xcassets; sourceTree = "<group>"; };
		8E580C1A26245F7F0015F22C /* Base */ = {isa = PBXFileReference; lastKnownFileType = file.storyboard; name = Base; path = Base.lproj/LaunchScreen.storyboard; sourceTree = "<group>"; };
		8E580C1C26245F7F0015F22C /* Info.plist */ = {isa = PBXFileReference; lastKnownFileType = text.plist.xml; path = Info.plist; sourceTree = "<group>"; };
		8E580C1D26245F7F0015F22C /* main.m */ = {isa = PBXFileReference; lastKnownFileType = sourcecode.c.objc; path = main.m; sourceTree = "<group>"; };
		8EBBEF65262990DD00F60244 /* Player.h */ = {isa = PBXFileReference; lastKnownFileType = sourcecode.c.h; path = Player.h; sourceTree = "<group>"; };
		8EBBEF66262990DD00F60244 /* Player.m */ = {isa = PBXFileReference; lastKnownFileType = sourcecode.c.objc; path = Player.m; sourceTree = "<group>"; };
		8EBBEF69262990F500F60244 /* Board.h */ = {isa = PBXFileReference; lastKnownFileType = sourcecode.c.h; path = Board.h; sourceTree = "<group>"; };
		8EBBEF6A262990F500F60244 /* Board.m */ = {isa = PBXFileReference; lastKnownFileType = sourcecode.c.objc; path = Board.m; sourceTree = "<group>"; };
		8EBBEF6D2629910700F60244 /* Game.h */ = {isa = PBXFileReference; lastKnownFileType = sourcecode.c.h; path = Game.h; sourceTree = "<group>"; };
		8EBBEF6E2629910700F60244 /* Game.m */ = {isa = PBXFileReference; lastKnownFileType = sourcecode.c.objc; path = Game.m; sourceTree = "<group>"; };
		8EBBEF71262D7C7E00F60244 /* ConsoleViewController.h */ = {isa = PBXFileReference; lastKnownFileType = sourcecode.c.h; path = ConsoleViewController.h; sourceTree = "<group>"; };
		8EBBEF72262D7C7E00F60244 /* ConsoleViewController.m */ = {isa = PBXFileReference; lastKnownFileType = sourcecode.c.objc; path = ConsoleViewController.m; sourceTree = "<group>"; };
		8EBBEF7B262D950600F60244 /* BotEasy.h */ = {isa = PBXFileReference; lastKnownFileType = sourcecode.c.h; path = BotEasy.h; sourceTree = "<group>"; };
		8EBBEF7C262D950600F60244 /* BotEasy.m */ = {isa = PBXFileReference; lastKnownFileType = sourcecode.c.objc; path = BotEasy.m; sourceTree = "<group>"; };
		8EBBEF85262EAFFB00F60244 /* Cell.h */ = {isa = PBXFileReference; lastKnownFileType = sourcecode.c.h; path = Cell.h; sourceTree = "<group>"; };
		8EBBEF86262EAFFB00F60244 /* Cell.m */ = {isa = PBXFileReference; lastKnownFileType = sourcecode.c.objc; path = Cell.m; sourceTree = "<group>"; };
		8EBBEF932631792200F60244 /* Protocols.h */ = {isa = PBXFileReference; lastKnownFileType = sourcecode.c.h; path = Protocols.h; sourceTree = "<group>"; };
		8EBBEF962632BEC000F60244 /* GameCollectionViewController.h */ = {isa = PBXFileReference; lastKnownFileType = sourcecode.c.h; path = GameCollectionViewController.h; sourceTree = "<group>"; };
		8EBBEF972632BEC000F60244 /* GameCollectionViewController.m */ = {isa = PBXFileReference; lastKnownFileType = sourcecode.c.objc; path = GameCollectionViewController.m; sourceTree = "<group>"; };
		8EBBEF9A2632CC1300F60244 /* GameCollectionViewCell.h */ = {isa = PBXFileReference; lastKnownFileType = sourcecode.c.h; path = GameCollectionViewCell.h; sourceTree = "<group>"; };
		8EBBEF9B2632CC1300F60244 /* GameCollectionViewCell.m */ = {isa = PBXFileReference; lastKnownFileType = sourcecode.c.objc; path = GameCollectionViewCell.m; sourceTree = "<group>"; };
		8EBBEF9E263827AC00F60244 /* GameContainerViewController.h */ = {isa = PBXFileReference; lastKnownFileType = sourcecode.c.h; path = GameContainerViewController.h; sourceTree = "<group>"; };
		8EBBEF9F263827AC00F60244 /* GameContainerViewController.m */ = {isa = PBXFileReference; lastKnownFileType = sourcecode.c.objc; path = GameContainerViewController.m; sourceTree = "<group>"; };
		8EBBEFA226382E8500F60244 /* UserInfoViewController.h */ = {isa = PBXFileReference; lastKnownFileType = sourcecode.c.h; path = UserInfoViewController.h; sourceTree = "<group>"; };
		8EBBEFA326382E8500F60244 /* UserInfoViewController.m */ = {isa = PBXFileReference; lastKnownFileType = sourcecode.c.objc; path = UserInfoViewController.m; sourceTree = "<group>"; };
		8EBBEFA6263851C500F60244 /* Move.h */ = {isa = PBXFileReference; lastKnownFileType = sourcecode.c.h; path = Move.h; sourceTree = "<group>"; };
		8EBBEFA7263851C600F60244 /* Move.m */ = {isa = PBXFileReference; lastKnownFileType = sourcecode.c.objc; path = Move.m; sourceTree = "<group>"; };
		8EC231632639808C008EACBE /* NotificationNames.h */ = {isa = PBXFileReference; lastKnownFileType = sourcecode.c.h; path = NotificationNames.h; sourceTree = "<group>"; };
		8EC23168263AAA3A008EACBE /* GameOverViewController.h */ = {isa = PBXFileReference; lastKnownFileType = sourcecode.c.h; path = GameOverViewController.h; sourceTree = "<group>"; };
		8EC23169263AAA3A008EACBE /* GameOverViewController.m */ = {isa = PBXFileReference; lastKnownFileType = sourcecode.c.objc; path = GameOverViewController.m; sourceTree = "<group>"; };
		8EC2316D264A676F008EACBE /* TicTacToeGame.h */ = {isa = PBXFileReference; lastKnownFileType = sourcecode.c.h; path = TicTacToeGame.h; sourceTree = "<group>"; };
		8EC2316E264A676F008EACBE /* TicTacToeGame.m */ = {isa = PBXFileReference; lastKnownFileType = sourcecode.c.objc; path = TicTacToeGame.m; sourceTree = "<group>"; };
		8EC23171264A68F4008EACBE /* TunakTunakTunGame.h */ = {isa = PBXFileReference; lastKnownFileType = sourcecode.c.h; path = TunakTunakTunGame.h; sourceTree = "<group>"; };
		8EC23172264A68F4008EACBE /* TunakTunakTunGame.m */ = {isa = PBXFileReference; lastKnownFileType = sourcecode.c.objc; path = TunakTunakTunGame.m; sourceTree = "<group>"; };
/* End PBXFileReference section */

/* Begin PBXFrameworksBuildPhase section */
		8E580C0526245F7E0015F22C /* Frameworks */ = {
			isa = PBXFrameworksBuildPhase;
			buildActionMask = 2147483647;
			files = (
			);
			runOnlyForDeploymentPostprocessing = 0;
		};
/* End PBXFrameworksBuildPhase section */

/* Begin PBXGroup section */
		8E580BFF26245F7E0015F22C = {
			isa = PBXGroup;
			children = (
				8E580C0A26245F7E0015F22C /* Tic-Tac-Toe */,
				8E580C0926245F7E0015F22C /* Products */,
			);
			sourceTree = "<group>";
		};
		8E580C0926245F7E0015F22C /* Products */ = {
			isa = PBXGroup;
			children = (
				8E580C0826245F7E0015F22C /* Tic-Tac-Toe.app */,
			);
			name = Products;
			sourceTree = "<group>";
		};
		8E580C0A26245F7E0015F22C /* Tic-Tac-Toe */ = {
			isa = PBXGroup;
			children = (
				8EC2316226398069008EACBE /* Itilities */,
				8EBBEF952632BDA300F60244 /* ViewControllers */,
				8EBBEF64262990C200F60244 /* Classes */,
				8E580C0B26245F7E0015F22C /* AppDelegate.h */,
				8E580C0C26245F7E0015F22C /* AppDelegate.m */,
				8E580C0E26245F7E0015F22C /* SceneDelegate.h */,
				8E580C0F26245F7E0015F22C /* SceneDelegate.m */,
				8E580C1126245F7E0015F22C /* ViewController.h */,
				8E580C1226245F7E0015F22C /* ViewController.m */,
				8E580C1426245F7E0015F22C /* Main.storyboard */,
				8E580C1726245F7F0015F22C /* Assets.xcassets */,
				8E580C1926245F7F0015F22C /* LaunchScreen.storyboard */,
				8E580C1C26245F7F0015F22C /* Info.plist */,
				8E580C1D26245F7F0015F22C /* main.m */,
			);
			path = "Tic-Tac-Toe";
			sourceTree = "<group>";
		};
		8EBBEF64262990C200F60244 /* Classes */ = {
			isa = PBXGroup;
			children = (
				8EBBEF65262990DD00F60244 /* Player.h */,
				8EBBEF66262990DD00F60244 /* Player.m */,
				8EBBEF69262990F500F60244 /* Board.h */,
				8EBBEF6A262990F500F60244 /* Board.m */,
				8EBBEF6D2629910700F60244 /* Game.h */,
				8EBBEF6E2629910700F60244 /* Game.m */,
				8EBBEF7B262D950600F60244 /* BotEasy.h */,
				8EBBEF7C262D950600F60244 /* BotEasy.m */,
				8EBBEF85262EAFFB00F60244 /* Cell.h */,
				8EBBEF86262EAFFB00F60244 /* Cell.m */,
				8EBBEFA6263851C500F60244 /* Move.h */,
				8EBBEFA7263851C600F60244 /* Move.m */,
				8EC2316D264A676F008EACBE /* TicTacToeGame.h */,
				8EC2316E264A676F008EACBE /* TicTacToeGame.m */,
				8EC23171264A68F4008EACBE /* TunakTunakTunGame.h */,
				8EC23172264A68F4008EACBE /* TunakTunakTunGame.m */,
			);
			path = Classes;
			sourceTree = "<group>";
		};
		8EBBEF952632BDA300F60244 /* ViewControllers */ = {
			isa = PBXGroup;
			children = (
				8EBBEF71262D7C7E00F60244 /* ConsoleViewController.h */,
				8EBBEF72262D7C7E00F60244 /* ConsoleViewController.m */,
				8EBBEF962632BEC000F60244 /* GameCollectionViewController.h */,
				8EBBEF972632BEC000F60244 /* GameCollectionViewController.m */,
				8EBBEF9A2632CC1300F60244 /* GameCollectionViewCell.h */,
				8EBBEF9B2632CC1300F60244 /* GameCollectionViewCell.m */,
				8EBBEF9E263827AC00F60244 /* GameContainerViewController.h */,
				8EBBEF9F263827AC00F60244 /* GameContainerViewController.m */,
				8EBBEFA226382E8500F60244 /* UserInfoViewController.h */,
				8EBBEFA326382E8500F60244 /* UserInfoViewController.m */,
				8EC23168263AAA3A008EACBE /* GameOverViewController.h */,
				8EC23169263AAA3A008EACBE /* GameOverViewController.m */,
			);
			path = ViewControllers;
			sourceTree = "<group>";
		};
		8EC2316226398069008EACBE /* Itilities */ = {
			isa = PBXGroup;
			children = (
				8EC231632639808C008EACBE /* NotificationNames.h */,
				8EBBEF932631792200F60244 /* Protocols.h */,
			);
			path = Itilities;
			sourceTree = "<group>";
		};
/* End PBXGroup section */

/* Begin PBXNativeTarget section */
		8E580C0726245F7E0015F22C /* Tic-Tac-Toe */ = {
			isa = PBXNativeTarget;
			buildConfigurationList = 8E580C2126245F7F0015F22C /* Build configuration list for PBXNativeTarget "Tic-Tac-Toe" */;
			buildPhases = (
				8E580C0426245F7E0015F22C /* Sources */,
				8E580C0526245F7E0015F22C /* Frameworks */,
				8E580C0626245F7E0015F22C /* Resources */,
			);
			buildRules = (
			);
			dependencies = (
			);
			name = "Tic-Tac-Toe";
			productName = "Tic-Tac-Toe";
			productReference = 8E580C0826245F7E0015F22C /* Tic-Tac-Toe.app */;
			productType = "com.apple.product-type.application";
		};
/* End PBXNativeTarget section */

/* Begin PBXProject section */
		8E580C0026245F7E0015F22C /* Project object */ = {
			isa = PBXProject;
			attributes = {
				LastUpgradeCheck = 1240;
				TargetAttributes = {
					8E580C0726245F7E0015F22C = {
						CreatedOnToolsVersion = 12.4;
					};
				};
			};
			buildConfigurationList = 8E580C0326245F7E0015F22C /* Build configuration list for PBXProject "Tic-Tac-Toe" */;
			compatibilityVersion = "Xcode 9.3";
			developmentRegion = en;
			hasScannedForEncodings = 0;
			knownRegions = (
				en,
				Base,
			);
			mainGroup = 8E580BFF26245F7E0015F22C;
			productRefGroup = 8E580C0926245F7E0015F22C /* Products */;
			projectDirPath = "";
			projectRoot = "";
			targets = (
				8E580C0726245F7E0015F22C /* Tic-Tac-Toe */,
			);
		};
/* End PBXProject section */

/* Begin PBXResourcesBuildPhase section */
		8E580C0626245F7E0015F22C /* Resources */ = {
			isa = PBXResourcesBuildPhase;
			buildActionMask = 2147483647;
			files = (
				8E580C1B26245F7F0015F22C /* LaunchScreen.storyboard in Resources */,
				8E580C1826245F7F0015F22C /* Assets.xcassets in Resources */,
				8E580C1626245F7E0015F22C /* Main.storyboard in Resources */,
			);
			runOnlyForDeploymentPostprocessing = 0;
		};
/* End PBXResourcesBuildPhase section */

/* Begin PBXSourcesBuildPhase section */
		8E580C0426245F7E0015F22C /* Sources */ = {
			isa = PBXSourcesBuildPhase;
			buildActionMask = 2147483647;
			files = (
				8EBBEF9C2632CC1300F60244 /* GameCollectionViewCell.m in Sources */,
				8EC23173264A68F4008EACBE /* TunakTunakTunGame.m in Sources */,
				8EBBEF6B262990F500F60244 /* Board.m in Sources */,
				8E580C1326245F7E0015F22C /* ViewController.m in Sources */,
				8E580C0D26245F7E0015F22C /* AppDelegate.m in Sources */,
				8E580C1E26245F7F0015F22C /* main.m in Sources */,
				8EBBEFA426382E8500F60244 /* UserInfoViewController.m in Sources */,
				8EC2316F264A676F008EACBE /* TicTacToeGame.m in Sources */,
				8EBBEF73262D7C7E00F60244 /* ConsoleViewController.m in Sources */,
				8EBBEF87262EAFFB00F60244 /* Cell.m in Sources */,
				8EC2316A263AAA3A008EACBE /* GameOverViewController.m in Sources */,
				8E580C1026245F7E0015F22C /* SceneDelegate.m in Sources */,
				8EBBEFA0263827AC00F60244 /* GameContainerViewController.m in Sources */,
				8EBBEFA8263851C600F60244 /* Move.m in Sources */,
				8EBBEF6F2629910700F60244 /* Game.m in Sources */,
				8EBBEF7D262D950600F60244 /* BotEasy.m in Sources */,
				8EBBEF67262990DD00F60244 /* Player.m in Sources */,
				8EBBEF982632BEC000F60244 /* GameCollectionViewController.m in Sources */,
			);
			runOnlyForDeploymentPostprocessing = 0;
		};
/* End PBXSourcesBuildPhase section */

/* Begin PBXVariantGroup section */
		8E580C1426245F7E0015F22C /* Main.storyboard */ = {
			isa = PBXVariantGroup;
			children = (
				8E580C1526245F7E0015F22C /* Base */,
			);
			name = Main.storyboard;
			sourceTree = "<group>";
		};
		8E580C1926245F7F0015F22C /* LaunchScreen.storyboard */ = {
			isa = PBXVariantGroup;
			children = (
				8E580C1A26245F7F0015F22C /* Base */,
			);
			name = LaunchScreen.storyboard;
			sourceTree = "<group>";
		};
/* End PBXVariantGroup section */

/* Begin XCBuildConfiguration section */
		8E580C1F26245F7F0015F22C /* Debug */ = {
			isa = XCBuildConfiguration;
			buildSettings = {
				ALWAYS_SEARCH_USER_PATHS = NO;
				CLANG_ANALYZER_NONNULL = YES;
				CLANG_ANALYZER_NUMBER_OBJECT_CONVERSION = YES_AGGRESSIVE;
				CLANG_CXX_LANGUAGE_STANDARD = "gnu++14";
				CLANG_CXX_LIBRARY = "libc++";
				CLANG_ENABLE_MODULES = YES;
				CLANG_ENABLE_OBJC_ARC = YES;
				CLANG_ENABLE_OBJC_WEAK = YES;
				CLANG_WARN_BLOCK_CAPTURE_AUTORELEASING = YES;
				CLANG_WARN_BOOL_CONVERSION = YES;
				CLANG_WARN_COMMA = YES;
				CLANG_WARN_CONSTANT_CONVERSION = YES;
				CLANG_WARN_DEPRECATED_OBJC_IMPLEMENTATIONS = YES;
				CLANG_WARN_DIRECT_OBJC_ISA_USAGE = YES_ERROR;
				CLANG_WARN_DOCUMENTATION_COMMENTS = YES;
				CLANG_WARN_EMPTY_BODY = YES;
				CLANG_WARN_ENUM_CONVERSION = YES;
				CLANG_WARN_INFINITE_RECURSION = YES;
				CLANG_WARN_INT_CONVERSION = YES;
				CLANG_WARN_NON_LITERAL_NULL_CONVERSION = YES;
				CLANG_WARN_OBJC_IMPLICIT_RETAIN_SELF = YES;
				CLANG_WARN_OBJC_LITERAL_CONVERSION = YES;
				CLANG_WARN_OBJC_ROOT_CLASS = YES_ERROR;
				CLANG_WARN_QUOTED_INCLUDE_IN_FRAMEWORK_HEADER = YES;
				CLANG_WARN_RANGE_LOOP_ANALYSIS = YES;
				CLANG_WARN_STRICT_PROTOTYPES = YES;
				CLANG_WARN_SUSPICIOUS_MOVE = YES;
				CLANG_WARN_UNGUARDED_AVAILABILITY = YES_AGGRESSIVE;
				CLANG_WARN_UNREACHABLE_CODE = YES;
				CLANG_WARN__DUPLICATE_METHOD_MATCH = YES;
				COPY_PHASE_STRIP = NO;
				DEBUG_INFORMATION_FORMAT = dwarf;
				ENABLE_STRICT_OBJC_MSGSEND = YES;
				ENABLE_TESTABILITY = YES;
				GCC_C_LANGUAGE_STANDARD = gnu11;
				GCC_DYNAMIC_NO_PIC = NO;
				GCC_NO_COMMON_BLOCKS = YES;
				GCC_OPTIMIZATION_LEVEL = 0;
				GCC_PREPROCESSOR_DEFINITIONS = (
					"DEBUG=1",
					"$(inherited)",
				);
				GCC_WARN_64_TO_32_BIT_CONVERSION = YES;
				GCC_WARN_ABOUT_RETURN_TYPE = YES_ERROR;
				GCC_WARN_UNDECLARED_SELECTOR = YES;
				GCC_WARN_UNINITIALIZED_AUTOS = YES_AGGRESSIVE;
				GCC_WARN_UNUSED_FUNCTION = YES;
				GCC_WARN_UNUSED_VARIABLE = YES;
				IPHONEOS_DEPLOYMENT_TARGET = 14.4;
				MTL_ENABLE_DEBUG_INFO = INCLUDE_SOURCE;
				MTL_FAST_MATH = YES;
				ONLY_ACTIVE_ARCH = YES;
				SDKROOT = iphoneos;
			};
			name = Debug;
		};
		8E580C2026245F7F0015F22C /* Release */ = {
			isa = XCBuildConfiguration;
			buildSettings = {
				ALWAYS_SEARCH_USER_PATHS = NO;
				CLANG_ANALYZER_NONNULL = YES;
				CLANG_ANALYZER_NUMBER_OBJECT_CONVERSION = YES_AGGRESSIVE;
				CLANG_CXX_LANGUAGE_STANDARD = "gnu++14";
				CLANG_CXX_LIBRARY = "libc++";
				CLANG_ENABLE_MODULES = YES;
				CLANG_ENABLE_OBJC_ARC = YES;
				CLANG_ENABLE_OBJC_WEAK = YES;
				CLANG_WARN_BLOCK_CAPTURE_AUTORELEASING = YES;
				CLANG_WARN_BOOL_CONVERSION = YES;
				CLANG_WARN_COMMA = YES;
				CLANG_WARN_CONSTANT_CONVERSION = YES;
				CLANG_WARN_DEPRECATED_OBJC_IMPLEMENTATIONS = YES;
				CLANG_WARN_DIRECT_OBJC_ISA_USAGE = YES_ERROR;
				CLANG_WARN_DOCUMENTATION_COMMENTS = YES;
				CLANG_WARN_EMPTY_BODY = YES;
				CLANG_WARN_ENUM_CONVERSION = YES;
				CLANG_WARN_INFINITE_RECURSION = YES;
				CLANG_WARN_INT_CONVERSION = YES;
				CLANG_WARN_NON_LITERAL_NULL_CONVERSION = YES;
				CLANG_WARN_OBJC_IMPLICIT_RETAIN_SELF = YES;
				CLANG_WARN_OBJC_LITERAL_CONVERSION = YES;
				CLANG_WARN_OBJC_ROOT_CLASS = YES_ERROR;
				CLANG_WARN_QUOTED_INCLUDE_IN_FRAMEWORK_HEADER = YES;
				CLANG_WARN_RANGE_LOOP_ANALYSIS = YES;
				CLANG_WARN_STRICT_PROTOTYPES = YES;
				CLANG_WARN_SUSPICIOUS_MOVE = YES;
				CLANG_WARN_UNGUARDED_AVAILABILITY = YES_AGGRESSIVE;
				CLANG_WARN_UNREACHABLE_CODE = YES;
				CLANG_WARN__DUPLICATE_METHOD_MATCH = YES;
				COPY_PHASE_STRIP = NO;
				DEBUG_INFORMATION_FORMAT = "dwarf-with-dsym";
				ENABLE_NS_ASSERTIONS = NO;
				ENABLE_STRICT_OBJC_MSGSEND = YES;
				GCC_C_LANGUAGE_STANDARD = gnu11;
				GCC_NO_COMMON_BLOCKS = YES;
				GCC_WARN_64_TO_32_BIT_CONVERSION = YES;
				GCC_WARN_ABOUT_RETURN_TYPE = YES_ERROR;
				GCC_WARN_UNDECLARED_SELECTOR = YES;
				GCC_WARN_UNINITIALIZED_AUTOS = YES_AGGRESSIVE;
				GCC_WARN_UNUSED_FUNCTION = YES;
				GCC_WARN_UNUSED_VARIABLE = YES;
				IPHONEOS_DEPLOYMENT_TARGET = 14.4;
				MTL_ENABLE_DEBUG_INFO = NO;
				MTL_FAST_MATH = YES;
				SDKROOT = iphoneos;
				VALIDATE_PRODUCT = YES;
			};
			name = Release;
		};
		8E580C2226245F7F0015F22C /* Debug */ = {
			isa = XCBuildConfiguration;
			buildSettings = {
				ASSETCATALOG_COMPILER_APPICON_NAME = AppIcon;
				ASSETCATALOG_COMPILER_GLOBAL_ACCENT_COLOR_NAME = AccentColor;
				CODE_SIGN_STYLE = Automatic;
				INFOPLIST_FILE = "Tic-Tac-Toe/Info.plist";
				IPHONEOS_DEPLOYMENT_TARGET = 14.3;
				LD_RUNPATH_SEARCH_PATHS = (
					"$(inherited)",
					"@executable_path/Frameworks",
				);
				PRODUCT_BUNDLE_IDENTIFIER = "net.nemetschek.bg.Tic-Tac-Toe";
				PRODUCT_NAME = "$(TARGET_NAME)";
				TARGETED_DEVICE_FAMILY = "1,2";
			};
			name = Debug;
		};
		8E580C2326245F7F0015F22C /* Release */ = {
			isa = XCBuildConfiguration;
			buildSettings = {
				ASSETCATALOG_COMPILER_APPICON_NAME = AppIcon;
				ASSETCATALOG_COMPILER_GLOBAL_ACCENT_COLOR_NAME = AccentColor;
				CODE_SIGN_STYLE = Automatic;
				INFOPLIST_FILE = "Tic-Tac-Toe/Info.plist";
				IPHONEOS_DEPLOYMENT_TARGET = 14.3;
				LD_RUNPATH_SEARCH_PATHS = (
					"$(inherited)",
					"@executable_path/Frameworks",
				);
				PRODUCT_BUNDLE_IDENTIFIER = "net.nemetschek.bg.Tic-Tac-Toe";
				PRODUCT_NAME = "$(TARGET_NAME)";
				TARGETED_DEVICE_FAMILY = "1,2";
			};
			name = Release;
		};
/* End XCBuildConfiguration section */

/* Begin XCConfigurationList section */
		8E580C0326245F7E0015F22C /* Build configuration list for PBXProject "Tic-Tac-Toe" */ = {
			isa = XCConfigurationList;
			buildConfigurations = (
				8E580C1F26245F7F0015F22C /* Debug */,
				8E580C2026245F7F0015F22C /* Release */,
			);
			defaultConfigurationIsVisible = 0;
			defaultConfigurationName = Release;
		};
		8E580C2126245F7F0015F22C /* Build configuration list for PBXNativeTarget "Tic-Tac-Toe" */ = {
			isa = XCConfigurationList;
			buildConfigurations = (
				8E580C2226245F7F0015F22C /* Debug */,
				8E580C2326245F7F0015F22C /* Release */,
			);
			defaultConfigurationIsVisible = 0;
			defaultConfigurationName = Release;
		};
/* End XCConfigurationList section */
	};
	rootObject = 8E580C0026245F7E0015F22C /* Project object */;
}
